
Microsoft Visual Studio Solution File, Format Version 12.00
Project("{FAE04EC0-301F-11D3-BF4B-00C04F79EFBC}") = "DiscordSecretSanta.Blazor", "src\DiscordSecretSanta.Blazor\DiscordSecretSanta.Blazor.csproj", "{DA99F0A4-ECEF-4D3F-995D-8F454D288832}"
EndProject
Project("{FAE04EC0-301F-11D3-BF4B-00C04F79EFBC}") = "DiscordAuthProvider", "src\DiscordAuthProvider\DiscordAuthProvider.csproj", "{3082AD5E-9668-48A9-81A3-D6D37F073AC6}"
EndProject
Project("{FAE04EC0-301F-11D3-BF4B-00C04F79EFBC}") = "DiscordSecretSanta.Core", "src\DiscordSecretSanta.Core\DiscordSecretSanta.Core.csproj", "{B7CC8B3C-F02C-4009-9E12-F289B39054EC}"
EndProject
Project("{2150E333-8FDC-42A3-9474-1A3956D46DE8}") = "src", "src", "{BF4F852C-A0A1-4E9F-9948-E15672661AA1}"
EndProject
Project("{2150E333-8FDC-42A3-9474-1A3956D46DE8}") = "tests", "tests", "{5CE69D22-5894-43BA-B88E-26A85AABE7ED}"
EndProject
Project("{FAE04EC0-301F-11D3-BF4B-00C04F79EFBC}") = "DiscordSecretSanta.Core.Tests", "tests\DiscordSecretSanta.Core.Tests\DiscordSecretSanta.Core.Tests.csproj", "{02668900-29E6-4142-8828-224A77D46CBD}"
EndProject
Project("{2150E333-8FDC-42A3-9474-1A3956D46DE8}") = "databases", "databases", "{773B927C-3214-4FB5-81DE-F6DA28AF24F4}"
EndProject
Project("{FAE04EC0-301F-11D3-BF4B-00C04F79EFBC}") = "DiscordSecretSanta.MongoDb", "src\databases\DiscordSecretSanta.MongoDb\DiscordSecretSanta.MongoDb.csproj", "{E2BF872E-75F1-4F7E-89A9-AFA9FD83A645}"
EndProject
Global
	GlobalSection(SolutionConfigurationPlatforms) = preSolution
		Debug|Any CPU = Debug|Any CPU
		Release|Any CPU = Release|Any CPU
	EndGlobalSection
	GlobalSection(ProjectConfigurationPlatforms) = postSolution
		{DA99F0A4-ECEF-4D3F-995D-8F454D288832}.Debug|Any CPU.ActiveCfg = Debug|Any CPU
		{DA99F0A4-ECEF-4D3F-995D-8F454D288832}.Debug|Any CPU.Build.0 = Debug|Any CPU
		{DA99F0A4-ECEF-4D3F-995D-8F454D288832}.Release|Any CPU.ActiveCfg = Release|Any CPU
		{DA99F0A4-ECEF-4D3F-995D-8F454D288832}.Release|Any CPU.Build.0 = Release|Any CPU
		{3082AD5E-9668-48A9-81A3-D6D37F073AC6}.Debug|Any CPU.ActiveCfg = Debug|Any CPU
		{3082AD5E-9668-48A9-81A3-D6D37F073AC6}.Debug|Any CPU.Build.0 = Debug|Any CPU
		{3082AD5E-9668-48A9-81A3-D6D37F073AC6}.Release|Any CPU.ActiveCfg = Release|Any CPU
		{3082AD5E-9668-48A9-81A3-D6D37F073AC6}.Release|Any CPU.Build.0 = Release|Any CPU
		{B7CC8B3C-F02C-4009-9E12-F289B39054EC}.Debug|Any CPU.ActiveCfg = Debug|Any CPU
		{B7CC8B3C-F02C-4009-9E12-F289B39054EC}.Debug|Any CPU.Build.0 = Debug|Any CPU
		{B7CC8B3C-F02C-4009-9E12-F289B39054EC}.Release|Any CPU.ActiveCfg = Release|Any CPU
		{B7CC8B3C-F02C-4009-9E12-F289B39054EC}.Release|Any CPU.Build.0 = Release|Any CPU
		{02668900-29E6-4142-8828-224A77D46CBD}.Debug|Any CPU.ActiveCfg = Debug|Any CPU
		{02668900-29E6-4142-8828-224A77D46CBD}.Debug|Any CPU.Build.0 = Debug|Any CPU
		{02668900-29E6-4142-8828-224A77D46CBD}.Release|Any CPU.ActiveCfg = Release|Any CPU
		{02668900-29E6-4142-8828-224A77D46CBD}.Release|Any CPU.Build.0 = Release|Any CPU
		{E2BF872E-75F1-4F7E-89A9-AFA9FD83A645}.Debug|Any CPU.ActiveCfg = Debug|Any CPU
		{E2BF872E-75F1-4F7E-89A9-AFA9FD83A645}.Debug|Any CPU.Build.0 = Debug|Any CPU
		{E2BF872E-75F1-4F7E-89A9-AFA9FD83A645}.Release|Any CPU.ActiveCfg = Release|Any CPU
		{E2BF872E-75F1-4F7E-89A9-AFA9FD83A645}.Release|Any CPU.Build.0 = Release|Any CPU
	EndGlobalSection
	GlobalSection(NestedProjects) = preSolution
		{3082AD5E-9668-48A9-81A3-D6D37F073AC6} = {BF4F852C-A0A1-4E9F-9948-E15672661AA1}
		{DA99F0A4-ECEF-4D3F-995D-8F454D288832} = {BF4F852C-A0A1-4E9F-9948-E15672661AA1}
		{B7CC8B3C-F02C-4009-9E12-F289B39054EC} = {BF4F852C-A0A1-4E9F-9948-E15672661AA1}
		{02668900-29E6-4142-8828-224A77D46CBD} = {5CE69D22-5894-43BA-B88E-26A85AABE7ED}
		{773B927C-3214-4FB5-81DE-F6DA28AF24F4} = {BF4F852C-A0A1-4E9F-9948-E15672661AA1}
		{E2BF872E-75F1-4F7E-89A9-AFA9FD83A645} = {773B927C-3214-4FB5-81DE-F6DA28AF24F4}
	EndGlobalSection
EndGlobal
