
Microsoft Visual Studio Solution File, Format Version 12.00
# Visual Studio Version 17
VisualStudioVersion = 17.0.31903.59
MinimumVisualStudioVersion = 10.0.40219.1
Project("{2150E333-8FDC-42A3-9474-1A3956D46DE8}") = "src", "src", "{CC543834-266A-4287-BFE6-625DE3C5FDE1}"
EndProject
Project("{FAE04EC0-301F-11D3-BF4B-00C04F79EFBC}") = "DiscordSecretSanta", "src\DiscordSecretSanta\DiscordSecretSanta.csproj", "{E89F61B5-66CD-44E6-A8A2-B2692793F9BB}"
EndProject
Project("{FAE04EC0-301F-11D3-BF4B-00C04F79EFBC}") = "DiscordSecretSanta.Domain", "src\DiscordSecretSanta.Domain\DiscordSecretSanta.Domain.csproj", "{3FAD8BC2-A31C-4D09-B34B-BD3687A8E221}"
EndProject
Project("{FAE04EC0-301F-11D3-BF4B-00C04F79EFBC}") = "DiscordSecretSanta.Domain.Tests", "tests\DiscordSecretSanta.Domain.Tests\DiscordSecretSanta.Domain.Tests.csproj", "{8A38BF95-610F-402C-AF4E-004AA613536F}"
EndProject
Project("{2150E333-8FDC-42A3-9474-1A3956D46DE8}") = "tests", "tests", "{FAE474A3-CB9D-4901-9815-6E678D7CF922}"
EndProject
Project("{FAE04EC0-301F-11D3-BF4B-00C04F79EFBC}") = "DiscordSecretSanta.Tests", "tests\DiscordSecretSanta.Tests\DiscordSecretSanta.Tests.csproj", "{33993439-B3BA-4D9D-A4C7-31598EF956AB}"
EndProject
Project("{FAE04EC0-301F-11D3-BF4B-00C04F79EFBC}") = "DiscordSecretSanta.Tests.Shared", "tests\DiscordSecretSanta.Tests.Shared\DiscordSecretSanta.Tests.Shared.csproj", "{1B464C57-7C17-47B8-B44A-B40F043588A8}"
EndProject
Project("{FAE04EC0-301F-11D3-BF4B-00C04F79EFBC}") = "DiscordSecretSanta.Database.Mongo", "src\DiscordSecretSanta.Database.Mongo\DiscordSecretSanta.Database.Mongo.csproj", "{A7E1F017-40FF-4A8D-BA11-9CCF38EBFB89}"
EndProject
Project("{2150E333-8FDC-42A3-9474-1A3956D46DE8}") = "DomainArch", "DomainArch", "{303FB0AD-A619-405F-8822-B009402D6378}"
EndProject
Project("{FAE04EC0-301F-11D3-BF4B-00C04F79EFBC}") = "DomainArch", "DomainArch\DomainArch\DomainArch.csproj", "{B8799328-4F32-40CA-BB98-8643A665767E}"
EndProject
Project("{FAE04EC0-301F-11D3-BF4B-00C04F79EFBC}") = "DomainArch.Tests", "DomainArch\DomainArch.Tests\DomainArch.Tests.csproj", "{8F798E5C-260C-4F10-88E4-6BCA127605FC}"
EndProject
Project("{2150E333-8FDC-42A3-9474-1A3956D46DE8}") = "docs", "docs", "{FF04F586-42FC-48CD-A81D-DDE0BBF4977C}"
EndProject
Global
	GlobalSection(SolutionConfigurationPlatforms) = preSolution
		Debug|Any CPU = Debug|Any CPU
		Release|Any CPU = Release|Any CPU
	EndGlobalSection
	GlobalSection(SolutionProperties) = preSolution
		HideSolutionNode = FALSE
	EndGlobalSection
	GlobalSection(ProjectConfigurationPlatforms) = postSolution
		{E89F61B5-66CD-44E6-A8A2-B2692793F9BB}.Debug|Any CPU.ActiveCfg = Debug|Any CPU
		{E89F61B5-66CD-44E6-A8A2-B2692793F9BB}.Debug|Any CPU.Build.0 = Debug|Any CPU
		{E89F61B5-66CD-44E6-A8A2-B2692793F9BB}.Release|Any CPU.ActiveCfg = Release|Any CPU
		{E89F61B5-66CD-44E6-A8A2-B2692793F9BB}.Release|Any CPU.Build.0 = Release|Any CPU
		{3FAD8BC2-A31C-4D09-B34B-BD3687A8E221}.Debug|Any CPU.ActiveCfg = Debug|Any CPU
		{3FAD8BC2-A31C-4D09-B34B-BD3687A8E221}.Debug|Any CPU.Build.0 = Debug|Any CPU
		{3FAD8BC2-A31C-4D09-B34B-BD3687A8E221}.Release|Any CPU.ActiveCfg = Release|Any CPU
		{3FAD8BC2-A31C-4D09-B34B-BD3687A8E221}.Release|Any CPU.Build.0 = Release|Any CPU
		{8A38BF95-610F-402C-AF4E-004AA613536F}.Debug|Any CPU.ActiveCfg = Debug|Any CPU
		{8A38BF95-610F-402C-AF4E-004AA613536F}.Debug|Any CPU.Build.0 = Debug|Any CPU
		{8A38BF95-610F-402C-AF4E-004AA613536F}.Release|Any CPU.ActiveCfg = Release|Any CPU
		{8A38BF95-610F-402C-AF4E-004AA613536F}.Release|Any CPU.Build.0 = Release|Any CPU
		{33993439-B3BA-4D9D-A4C7-31598EF956AB}.Debug|Any CPU.ActiveCfg = Debug|Any CPU
		{33993439-B3BA-4D9D-A4C7-31598EF956AB}.Debug|Any CPU.Build.0 = Debug|Any CPU
		{33993439-B3BA-4D9D-A4C7-31598EF956AB}.Release|Any CPU.ActiveCfg = Release|Any CPU
		{33993439-B3BA-4D9D-A4C7-31598EF956AB}.Release|Any CPU.Build.0 = Release|Any CPU
		{1B464C57-7C17-47B8-B44A-B40F043588A8}.Debug|Any CPU.ActiveCfg = Debug|Any CPU
		{1B464C57-7C17-47B8-B44A-B40F043588A8}.Debug|Any CPU.Build.0 = Debug|Any CPU
		{1B464C57-7C17-47B8-B44A-B40F043588A8}.Release|Any CPU.ActiveCfg = Release|Any CPU
		{1B464C57-7C17-47B8-B44A-B40F043588A8}.Release|Any CPU.Build.0 = Release|Any CPU
		{A7E1F017-40FF-4A8D-BA11-9CCF38EBFB89}.Debug|Any CPU.ActiveCfg = Debug|Any CPU
		{A7E1F017-40FF-4A8D-BA11-9CCF38EBFB89}.Debug|Any CPU.Build.0 = Debug|Any CPU
		{A7E1F017-40FF-4A8D-BA11-9CCF38EBFB89}.Release|Any CPU.ActiveCfg = Release|Any CPU
		{A7E1F017-40FF-4A8D-BA11-9CCF38EBFB89}.Release|Any CPU.Build.0 = Release|Any CPU
		{B8799328-4F32-40CA-BB98-8643A665767E}.Debug|Any CPU.ActiveCfg = Debug|Any CPU
		{B8799328-4F32-40CA-BB98-8643A665767E}.Debug|Any CPU.Build.0 = Debug|Any CPU
		{B8799328-4F32-40CA-BB98-8643A665767E}.Release|Any CPU.ActiveCfg = Release|Any CPU
		{B8799328-4F32-40CA-BB98-8643A665767E}.Release|Any CPU.Build.0 = Release|Any CPU
		{8F798E5C-260C-4F10-88E4-6BCA127605FC}.Debug|Any CPU.ActiveCfg = Debug|Any CPU
		{8F798E5C-260C-4F10-88E4-6BCA127605FC}.Debug|Any CPU.Build.0 = Debug|Any CPU
		{8F798E5C-260C-4F10-88E4-6BCA127605FC}.Release|Any CPU.ActiveCfg = Release|Any CPU
		{8F798E5C-260C-4F10-88E4-6BCA127605FC}.Release|Any CPU.Build.0 = Release|Any CPU
	EndGlobalSection
	GlobalSection(NestedProjects) = preSolution
		{E89F61B5-66CD-44E6-A8A2-B2692793F9BB} = {CC543834-266A-4287-BFE6-625DE3C5FDE1}
		{3FAD8BC2-A31C-4D09-B34B-BD3687A8E221} = {CC543834-266A-4287-BFE6-625DE3C5FDE1}
		{8A38BF95-610F-402C-AF4E-004AA613536F} = {FAE474A3-CB9D-4901-9815-6E678D7CF922}
		{33993439-B3BA-4D9D-A4C7-31598EF956AB} = {FAE474A3-CB9D-4901-9815-6E678D7CF922}
		{1B464C57-7C17-47B8-B44A-B40F043588A8} = {FAE474A3-CB9D-4901-9815-6E678D7CF922}
		{A7E1F017-40FF-4A8D-BA11-9CCF38EBFB89} = {CC543834-266A-4287-BFE6-625DE3C5FDE1}
		{B8799328-4F32-40CA-BB98-8643A665767E} = {303FB0AD-A619-405F-8822-B009402D6378}
		{8F798E5C-260C-4F10-88E4-6BCA127605FC} = {303FB0AD-A619-405F-8822-B009402D6378}
	EndGlobalSection
EndGlobal
