<Solution>
  <Folder Name="/Docs/">
    <File Path="Docs\Commands.md" />
  </Folder>
  <Folder Name="/Source/">
    <Project Path="Source/DiscordSecretSanta.Web/DiscordSecretSanta.Web.csproj" />
    <Project Path="Source/DiscordSecretSanta/DiscordSecretSanta.csproj" />
  </Folder>
  <Folder Name="/Tests/" />
</Solution>
